
Microsoft Visual Studio Solution File, Format Version 12.00
# Visual Studio 14
VisualStudioVersion = 14.0.25420.1
MinimumVisualStudioVersion = 10.0.40219.1
Project("{FAE04EC0-301F-11D3-BF4B-00C04F79EFBC}") = "MirrorKnight", "MirrorKnight\MirrorKnight\MirrorKnight.csproj", "{2F065C60-AA69-4C2F-9D35-EA9EBB6907D7}"
EndProject
Project("{96E2B04D-8817-42C6-938A-82C39BA4D311}") = "MirrorKnightContent", "MirrorKnight\MirrorKnightContent\MirrorKnightContent.contentproj", "{B26F3E8A-4E09-4F28-9B62-1AF655F1544E}"
EndProject
Global
	GlobalSection(SolutionConfigurationPlatforms) = preSolution
		Debug|x86 = Debug|x86
		Release|x86 = Release|x86
	EndGlobalSection
	GlobalSection(ProjectConfigurationPlatforms) = postSolution
		{2F065C60-AA69-4C2F-9D35-EA9EBB6907D7}.Debug|x86.ActiveCfg = Debug|x86
		{2F065C60-AA69-4C2F-9D35-EA9EBB6907D7}.Debug|x86.Build.0 = Debug|x86
		{2F065C60-AA69-4C2F-9D35-EA9EBB6907D7}.Release|x86.ActiveCfg = Release|x86
		{2F065C60-AA69-4C2F-9D35-EA9EBB6907D7}.Release|x86.Build.0 = Release|x86
		{B26F3E8A-4E09-4F28-9B62-1AF655F1544E}.Debug|x86.ActiveCfg = Debug|x86
		{B26F3E8A-4E09-4F28-9B62-1AF655F1544E}.Release|x86.ActiveCfg = Release|x86
	EndGlobalSection
	GlobalSection(SolutionProperties) = preSolution
		HideSolutionNode = FALSE
	EndGlobalSection
EndGlobal
